
Microsoft Visual Studio Solution File, Format Version 12.00
# Visual Studio Version 17
VisualStudioVersion = 17.0.32126.317
MinimumVisualStudioVersion = 10.0.40219.1
Project("{FAE04EC0-301F-11D3-BF4B-00C04F79EFBC}") = "Objdemo", "Objdemo\Objdemo.csproj", "{E19A352E-6A97-42C5-9EDB-D4BB5EF7F8FB}"
EndProject
Global
	GlobalSection(SolutionConfigurationPlatforms) = preSolution
		Debug|Any CPU = Debug|Any CPU
		Release|Any CPU = Release|Any CPU
	EndGlobalSection
	GlobalSection(ProjectConfigurationPlatforms) = postSolution
		{E19A352E-6A97-42C5-9EDB-D4BB5EF7F8FB}.Debug|Any CPU.ActiveCfg = Debug|Any CPU
		{E19A352E-6A97-42C5-9EDB-D4BB5EF7F8FB}.Debug|Any CPU.Build.0 = Debug|Any CPU
		{E19A352E-6A97-42C5-9EDB-D4BB5EF7F8FB}.Release|Any CPU.ActiveCfg = Release|Any CPU
		{E19A352E-6A97-42C5-9EDB-D4BB5EF7F8FB}.Release|Any CPU.Build.0 = Release|Any CPU
	EndGlobalSection
	GlobalSection(SolutionProperties) = preSolution
		HideSolutionNode = FALSE
	EndGlobalSection
	GlobalSection(ExtensibilityGlobals) = postSolution
		SolutionGuid = {A454350B-702D-4072-BD48-7D8A4FB22C63}
	EndGlobalSection
EndGlobal
