
Microsoft Visual Studio Solution File, Format Version 12.00
# Visual Studio Version 17
VisualStudioVersion = 17.0.32126.317
MinimumVisualStudioVersion = 10.0.40219.1
Project("{FAE04EC0-301F-11D3-BF4B-00C04F79EFBC}") = "BaseCon", "BaseCon\BaseCon.csproj", "{D2C388D7-45E2-40A6-BFD2-16941D691F57}"
EndProject
Global
	GlobalSection(SolutionConfigurationPlatforms) = preSolution
		Debug|Any CPU = Debug|Any CPU
		Release|Any CPU = Release|Any CPU
	EndGlobalSection
	GlobalSection(ProjectConfigurationPlatforms) = postSolution
		{D2C388D7-45E2-40A6-BFD2-16941D691F57}.Debug|Any CPU.ActiveCfg = Debug|Any CPU
		{D2C388D7-45E2-40A6-BFD2-16941D691F57}.Debug|Any CPU.Build.0 = Debug|Any CPU
		{D2C388D7-45E2-40A6-BFD2-16941D691F57}.Release|Any CPU.ActiveCfg = Release|Any CPU
		{D2C388D7-45E2-40A6-BFD2-16941D691F57}.Release|Any CPU.Build.0 = Release|Any CPU
	EndGlobalSection
	GlobalSection(SolutionProperties) = preSolution
		HideSolutionNode = FALSE
	EndGlobalSection
	GlobalSection(ExtensibilityGlobals) = postSolution
		SolutionGuid = {D5B2D7E4-46CB-44C0-BBE5-58E0F8870A07}
	EndGlobalSection
EndGlobal
