
Microsoft Visual Studio Solution File, Format Version 12.00
# Visual Studio Version 17
VisualStudioVersion = 17.0.32126.317
MinimumVisualStudioVersion = 10.0.40219.1
Project("{FAE04EC0-301F-11D3-BF4B-00C04F79EFBC}") = "Demo2", "Demo2\Demo2.csproj", "{9F1A7EC4-E585-434B-A955-5AC52380E6F7}"
EndProject
Global
	GlobalSection(SolutionConfigurationPlatforms) = preSolution
		Debug|Any CPU = Debug|Any CPU
		Release|Any CPU = Release|Any CPU
	EndGlobalSection
	GlobalSection(ProjectConfigurationPlatforms) = postSolution
		{9F1A7EC4-E585-434B-A955-5AC52380E6F7}.Debug|Any CPU.ActiveCfg = Debug|Any CPU
		{9F1A7EC4-E585-434B-A955-5AC52380E6F7}.Debug|Any CPU.Build.0 = Debug|Any CPU
		{9F1A7EC4-E585-434B-A955-5AC52380E6F7}.Release|Any CPU.ActiveCfg = Release|Any CPU
		{9F1A7EC4-E585-434B-A955-5AC52380E6F7}.Release|Any CPU.Build.0 = Release|Any CPU
	EndGlobalSection
	GlobalSection(SolutionProperties) = preSolution
		HideSolutionNode = FALSE
	EndGlobalSection
	GlobalSection(ExtensibilityGlobals) = postSolution
		SolutionGuid = {7AA4CADE-E2A2-4CE6-B166-A1AACB944F14}
	EndGlobalSection
EndGlobal
